
Microsoft Visual Studio Solution File, Format Version 12.00
# Visual Studio Version 16
VisualStudioVersion = 16.0.32802.440
MinimumVisualStudioVersion = 10.0.40219.1
Project("{FAE04EC0-301F-11D3-BF4B-00C04F79EFBC}") = "0102", "0102\0102.csproj", "{9B613FB4-38C0-42D8-9CCD-FE67D4527CCE}"
EndProject
Global
	GlobalSection(SolutionConfigurationPlatforms) = preSolution
		Debug|Any CPU = Debug|Any CPU
		Release|Any CPU = Release|Any CPU
	EndGlobalSection
	GlobalSection(ProjectConfigurationPlatforms) = postSolution
		{9B613FB4-38C0-42D8-9CCD-FE67D4527CCE}.Debug|Any CPU.ActiveCfg = Debug|Any CPU
		{9B613FB4-38C0-42D8-9CCD-FE67D4527CCE}.Debug|Any CPU.Build.0 = Debug|Any CPU
		{9B613FB4-38C0-42D8-9CCD-FE67D4527CCE}.Release|Any CPU.ActiveCfg = Release|Any CPU
		{9B613FB4-38C0-42D8-9CCD-FE67D4527CCE}.Release|Any CPU.Build.0 = Release|Any CPU
	EndGlobalSection
	GlobalSection(SolutionProperties) = preSolution
		HideSolutionNode = FALSE
	EndGlobalSection
	GlobalSection(ExtensibilityGlobals) = postSolution
		SolutionGuid = {5456E25C-685A-40ED-A473-C6AAFB2627BB}
	EndGlobalSection
EndGlobal
